// !$*UTF8*$!
{
	archiveVersion = 1;
	classes = {
	};
	objectVersion = 50;
	objects = {

/* Begin PBXBuildFile section */
		821C6BB7267F654F0037FCF6 /* AppDelegate.swift in Sources */ = {isa = PBXBuildFile; fileRef = 821C6BB6267F654F0037FCF6 /* AppDelegate.swift */; };
		821C6BB9267F654F0037FCF6 /* SceneDelegate.swift in Sources */ = {isa = PBXBuildFile; fileRef = 821C6BB8267F654F0037FCF6 /* SceneDelegate.swift */; };
		821C6BBE267F654F0037FCF6 /* Main.storyboard in Resources */ = {isa = PBXBuildFile; fileRef = 821C6BBC267F654F0037FCF6 /* Main.storyboard */; };
		821C6BC0267F65520037FCF6 /* Assets.xcassets in Resources */ = {isa = PBXBuildFile; fileRef = 821C6BBF267F65520037FCF6 /* Assets.xcassets */; };
		821C6BC3267F65520037FCF6 /* LaunchScreen.storyboard in Resources */ = {isa = PBXBuildFile; fileRef = 821C6BC1267F65520037FCF6 /* LaunchScreen.storyboard */; };
		821C6BD726804A7D0037FCF6 /* APIManager.swift in Sources */ = {isa = PBXBuildFile; fileRef = 821C6BD626804A7D0037FCF6 /* APIManager.swift */; };
		821C6BD926804ABD0037FCF6 /* MatchInfoRequestBody.swift in Sources */ = {isa = PBXBuildFile; fileRef = 821C6BD826804ABD0037FCF6 /* MatchInfoRequestBody.swift */; };
		821C6BDB26804AE00037FCF6 /* MatchData.swift in Sources */ = {isa = PBXBuildFile; fileRef = 821C6BDA26804AE00037FCF6 /* MatchData.swift */; };
		821C6BDD26804B050037FCF6 /* MatchLink.swift in Sources */ = {isa = PBXBuildFile; fileRef = 821C6BDC26804B050037FCF6 /* MatchLink.swift */; };
		821C6BDF26804B210037FCF6 /* MatchLinksRequestBody.swift in Sources */ = {isa = PBXBuildFile; fileRef = 821C6BDE26804B210037FCF6 /* MatchLinksRequestBody.swift */; };
		821C6BE42680AC890037FCF6 /* Presenter.swift in Sources */ = {isa = PBXBuildFile; fileRef = 821C6BE32680AC890037FCF6 /* Presenter.swift */; };
		821C6BE62680ADD00037FCF6 /* InstatViewController.swift in Sources */ = {isa = PBXBuildFile; fileRef = 821C6BE52680ADD00037FCF6 /* InstatViewController.swift */; };
		821C6BE92680DECC0037FCF6 /* PlayerViewController.swift in Sources */ = {isa = PBXBuildFile; fileRef = 821C6BE82680DECC0037FCF6 /* PlayerViewController.swift */; };
		821C6BEE268308F40037FCF6 /* DateFormatter.swift in Sources */ = {isa = PBXBuildFile; fileRef = 821C6BED268308F40037FCF6 /* DateFormatter.swift */; };
/* End PBXBuildFile section */

/* Begin PBXFileReference section */
		821C6BB3267F654F0037FCF6 /* Testovoe_2.app */ = {isa = PBXFileReference; explicitFileType = wrapper.application; includeInIndex = 0; path = Testovoe_2.app; sourceTree = BUILT_PRODUCTS_DIR; };
		821C6BB6267F654F0037FCF6 /* AppDelegate.swift */ = {isa = PBXFileReference; lastKnownFileType = sourcecode.swift; path = AppDelegate.swift; sourceTree = "<group>"; };
		821C6BB8267F654F0037FCF6 /* SceneDelegate.swift */ = {isa = PBXFileReference; lastKnownFileType = sourcecode.swift; path = SceneDelegate.swift; sourceTree = "<group>"; };
		821C6BBD267F654F0037FCF6 /* Base */ = {isa = PBXFileReference; lastKnownFileType = file.storyboard; name = Base; path = Base.lproj/Main.storyboard; sourceTree = "<group>"; };
		821C6BBF267F65520037FCF6 /* Assets.xcassets */ = {isa = PBXFileReference; lastKnownFileType = folder.assetcatalog; path = Assets.xcassets; sourceTree = "<group>"; };
		821C6BC2267F65520037FCF6 /* Base */ = {isa = PBXFileReference; lastKnownFileType = file.storyboard; name = Base; path = Base.lproj/LaunchScreen.storyboard; sourceTree = "<group>"; };
		821C6BC4267F65520037FCF6 /* Info.plist */ = {isa = PBXFileReference; lastKnownFileType = text.plist.xml; path = Info.plist; sourceTree = "<group>"; };
		821C6BD626804A7D0037FCF6 /* APIManager.swift */ = {isa = PBXFileReference; lastKnownFileType = sourcecode.swift; path = APIManager.swift; sourceTree = "<group>"; };
		821C6BD826804ABD0037FCF6 /* MatchInfoRequestBody.swift */ = {isa = PBXFileReference; lastKnownFileType = sourcecode.swift; path = MatchInfoRequestBody.swift; sourceTree = "<group>"; };
		821C6BDA26804AE00037FCF6 /* MatchData.swift */ = {isa = PBXFileReference; lastKnownFileType = sourcecode.swift; path = MatchData.swift; sourceTree = "<group>"; };
		821C6BDC26804B050037FCF6 /* MatchLink.swift */ = {isa = PBXFileReference; lastKnownFileType = sourcecode.swift; path = MatchLink.swift; sourceTree = "<group>"; };
		821C6BDE26804B210037FCF6 /* MatchLinksRequestBody.swift */ = {isa = PBXFileReference; lastKnownFileType = sourcecode.swift; path = MatchLinksRequestBody.swift; sourceTree = "<group>"; };
		821C6BE32680AC890037FCF6 /* Presenter.swift */ = {isa = PBXFileReference; lastKnownFileType = sourcecode.swift; path = Presenter.swift; sourceTree = "<group>"; };
		821C6BE52680ADD00037FCF6 /* InstatViewController.swift */ = {isa = PBXFileReference; lastKnownFileType = sourcecode.swift; path = InstatViewController.swift; sourceTree = "<group>"; };
		821C6BE82680DECC0037FCF6 /* PlayerViewController.swift */ = {isa = PBXFileReference; lastKnownFileType = sourcecode.swift; path = PlayerViewController.swift; sourceTree = "<group>"; };
		821C6BED268308F40037FCF6 /* DateFormatter.swift */ = {isa = PBXFileReference; lastKnownFileType = sourcecode.swift; path = DateFormatter.swift; sourceTree = "<group>"; };
/* End PBXFileReference section */

/* Begin PBXFrameworksBuildPhase section */
		821C6BB0267F654F0037FCF6 /* Frameworks */ = {
			isa = PBXFrameworksBuildPhase;
			buildActionMask = 2147483647;
			files = (
			);
			runOnlyForDeploymentPostprocessing = 0;
		};
/* End PBXFrameworksBuildPhase section */

/* Begin PBXGroup section */
		821C6BAA267F654F0037FCF6 = {
			isa = PBXGroup;
			children = (
				821C6BB5267F654F0037FCF6 /* Testovoe_2 */,
				821C6BB4267F654F0037FCF6 /* Products */,
			);
			sourceTree = "<group>";
		};
		821C6BB4267F654F0037FCF6 /* Products */ = {
			isa = PBXGroup;
			children = (
				821C6BB3267F654F0037FCF6 /* Testovoe_2.app */,
			);
			name = Products;
			sourceTree = "<group>";
		};
		821C6BB5267F654F0037FCF6 /* Testovoe_2 */ = {
			isa = PBXGroup;
			children = (
				821C6BD526804A660037FCF6 /* API */,
				821C6BEA268308C10037FCF6 /* Core */,
				821C6BE22680AC6F0037FCF6 /* Presenter */,
				821C6BE72680B58C0037FCF6 /* Scene */,
				821C6BE12680ABCC0037FCF6 /* SupportingFiles */,
				821C6BE02680AB9D0037FCF6 /* View */,
			);
			path = Testovoe_2;
			sourceTree = "<group>";
		};
		821C6BD526804A660037FCF6 /* API */ = {
			isa = PBXGroup;
			children = (
				821C6BD626804A7D0037FCF6 /* APIManager.swift */,
				821C6BD826804ABD0037FCF6 /* MatchInfoRequestBody.swift */,
				821C6BDE26804B210037FCF6 /* MatchLinksRequestBody.swift */,
				821C6BDA26804AE00037FCF6 /* MatchData.swift */,
				821C6BDC26804B050037FCF6 /* MatchLink.swift */,
			);
			path = API;
			sourceTree = "<group>";
		};
		821C6BE02680AB9D0037FCF6 /* View */ = {
			isa = PBXGroup;
			children = (
				821C6BE52680ADD00037FCF6 /* InstatViewController.swift */,
				821C6BE82680DECC0037FCF6 /* PlayerViewController.swift */,
				821C6BBC267F654F0037FCF6 /* Main.storyboard */,
			);
			path = View;
			sourceTree = "<group>";
		};
		821C6BE12680ABCC0037FCF6 /* SupportingFiles */ = {
			isa = PBXGroup;
			children = (
				821C6BC1267F65520037FCF6 /* LaunchScreen.storyboard */,
				821C6BBF267F65520037FCF6 /* Assets.xcassets */,
				821C6BC4267F65520037FCF6 /* Info.plist */,
			);
			path = SupportingFiles;
			sourceTree = "<group>";
		};
		821C6BE22680AC6F0037FCF6 /* Presenter */ = {
			isa = PBXGroup;
			children = (
				821C6BE32680AC890037FCF6 /* Presenter.swift */,
			);
			path = Presenter;
			sourceTree = "<group>";
		};
		821C6BE72680B58C0037FCF6 /* Scene */ = {
			isa = PBXGroup;
			children = (
				821C6BB6267F654F0037FCF6 /* AppDelegate.swift */,
				821C6BB8267F654F0037FCF6 /* SceneDelegate.swift */,
			);
			path = Scene;
			sourceTree = "<group>";
		};
		821C6BEA268308C10037FCF6 /* Core */ = {
			isa = PBXGroup;
			children = (
				821C6BEB268308CF0037FCF6 /* Extensions */,
			);
			path = Core;
			sourceTree = "<group>";
		};
		821C6BEB268308CF0037FCF6 /* Extensions */ = {
			isa = PBXGroup;
			children = (
				821C6BEC268308DA0037FCF6 /* String */,
			);
			path = Extensions;
			sourceTree = "<group>";
		};
		821C6BEC268308DA0037FCF6 /* String */ = {
			isa = PBXGroup;
			children = (
				821C6BED268308F40037FCF6 /* DateFormatter.swift */,
			);
			path = String;
			sourceTree = "<group>";
		};
/* End PBXGroup section */

/* Begin PBXNativeTarget section */
		821C6BB2267F654F0037FCF6 /* Testovoe_2 */ = {
			isa = PBXNativeTarget;
			buildConfigurationList = 821C6BC7267F65520037FCF6 /* Build configuration list for PBXNativeTarget "Testovoe_2" */;
			buildPhases = (
				821C6BAF267F654F0037FCF6 /* Sources */,
				821C6BB0267F654F0037FCF6 /* Frameworks */,
				821C6BB1267F654F0037FCF6 /* Resources */,
			);
			buildRules = (
			);
			dependencies = (
			);
			name = Testovoe_2;
			productName = Testovoe_2;
			productReference = 821C6BB3267F654F0037FCF6 /* Testovoe_2.app */;
			productType = "com.apple.product-type.application";
		};
/* End PBXNativeTarget section */

/* Begin PBXProject section */
		821C6BAB267F654F0037FCF6 /* Project object */ = {
			isa = PBXProject;
			attributes = {
				LastSwiftUpdateCheck = 1250;
				LastUpgradeCheck = 1250;
				TargetAttributes = {
					821C6BB2267F654F0037FCF6 = {
						CreatedOnToolsVersion = 12.5;
					};
				};
			};
			buildConfigurationList = 821C6BAE267F654F0037FCF6 /* Build configuration list for PBXProject "Testovoe_2" */;
			compatibilityVersion = "Xcode 9.3";
			developmentRegion = en;
			hasScannedForEncodings = 0;
			knownRegions = (
				en,
				Base,
			);
			mainGroup = 821C6BAA267F654F0037FCF6;
			productRefGroup = 821C6BB4267F654F0037FCF6 /* Products */;
			projectDirPath = "";
			projectRoot = "";
			targets = (
				821C6BB2267F654F0037FCF6 /* Testovoe_2 */,
			);
		};
/* End PBXProject section */

/* Begin PBXResourcesBuildPhase section */
		821C6BB1267F654F0037FCF6 /* Resources */ = {
			isa = PBXResourcesBuildPhase;
			buildActionMask = 2147483647;
			files = (
				821C6BC3267F65520037FCF6 /* LaunchScreen.storyboard in Resources */,
				821C6BC0267F65520037FCF6 /* Assets.xcassets in Resources */,
				821C6BBE267F654F0037FCF6 /* Main.storyboard in Resources */,
			);
			runOnlyForDeploymentPostprocessing = 0;
		};
/* End PBXResourcesBuildPhase section */

/* Begin PBXSourcesBuildPhase section */
		821C6BAF267F654F0037FCF6 /* Sources */ = {
			isa = PBXSourcesBuildPhase;
			buildActionMask = 2147483647;
			files = (
				821C6BE62680ADD00037FCF6 /* InstatViewController.swift in Sources */,
				821C6BE42680AC890037FCF6 /* Presenter.swift in Sources */,
				821C6BD726804A7D0037FCF6 /* APIManager.swift in Sources */,
				821C6BDD26804B050037FCF6 /* MatchLink.swift in Sources */,
				821C6BDF26804B210037FCF6 /* MatchLinksRequestBody.swift in Sources */,
				821C6BEE268308F40037FCF6 /* DateFormatter.swift in Sources */,
				821C6BB7267F654F0037FCF6 /* AppDelegate.swift in Sources */,
				821C6BDB26804AE00037FCF6 /* MatchData.swift in Sources */,
				821C6BD926804ABD0037FCF6 /* MatchInfoRequestBody.swift in Sources */,
				821C6BB9267F654F0037FCF6 /* SceneDelegate.swift in Sources */,
				821C6BE92680DECC0037FCF6 /* PlayerViewController.swift in Sources */,
			);
			runOnlyForDeploymentPostprocessing = 0;
		};
/* End PBXSourcesBuildPhase section */

/* Begin PBXVariantGroup section */
		821C6BBC267F654F0037FCF6 /* Main.storyboard */ = {
			isa = PBXVariantGroup;
			children = (
				821C6BBD267F654F0037FCF6 /* Base */,
			);
			name = Main.storyboard;
			sourceTree = "<group>";
		};
		821C6BC1267F65520037FCF6 /* LaunchScreen.storyboard */ = {
			isa = PBXVariantGroup;
			children = (
				821C6BC2267F65520037FCF6 /* Base */,
			);
			name = LaunchScreen.storyboard;
			sourceTree = "<group>";
		};
/* End PBXVariantGroup section */

/* Begin XCBuildConfiguration section */
		821C6BC5267F65520037FCF6 /* Debug */ = {
			isa = XCBuildConfiguration;
			buildSettings = {
				ALWAYS_SEARCH_USER_PATHS = NO;
				CLANG_ANALYZER_NONNULL = YES;
				CLANG_ANALYZER_NUMBER_OBJECT_CONVERSION = YES_AGGRESSIVE;
				CLANG_CXX_LANGUAGE_STANDARD = "gnu++14";
				CLANG_CXX_LIBRARY = "libc++";
				CLANG_ENABLE_MODULES = YES;
				CLANG_ENABLE_OBJC_ARC = YES;
				CLANG_ENABLE_OBJC_WEAK = YES;
				CLANG_WARN_BLOCK_CAPTURE_AUTORELEASING = YES;
				CLANG_WARN_BOOL_CONVERSION = YES;
				CLANG_WARN_COMMA = YES;
				CLANG_WARN_CONSTANT_CONVERSION = YES;
				CLANG_WARN_DEPRECATED_OBJC_IMPLEMENTATIONS = YES;
				CLANG_WARN_DIRECT_OBJC_ISA_USAGE = YES_ERROR;
				CLANG_WARN_DOCUMENTATION_COMMENTS = YES;
				CLANG_WARN_EMPTY_BODY = YES;
				CLANG_WARN_ENUM_CONVERSION = YES;
				CLANG_WARN_INFINITE_RECURSION = YES;
				CLANG_WARN_INT_CONVERSION = YES;
				CLANG_WARN_NON_LITERAL_NULL_CONVERSION = YES;
				CLANG_WARN_OBJC_IMPLICIT_RETAIN_SELF = YES;
				CLANG_WARN_OBJC_LITERAL_CONVERSION = YES;
				CLANG_WARN_OBJC_ROOT_CLASS = YES_ERROR;
				CLANG_WARN_QUOTED_INCLUDE_IN_FRAMEWORK_HEADER = YES;
				CLANG_WARN_RANGE_LOOP_ANALYSIS = YES;
				CLANG_WARN_STRICT_PROTOTYPES = YES;
				CLANG_WARN_SUSPICIOUS_MOVE = YES;
				CLANG_WARN_UNGUARDED_AVAILABILITY = YES_AGGRESSIVE;
				CLANG_WARN_UNREACHABLE_CODE = YES;
				CLANG_WARN__DUPLICATE_METHOD_MATCH = YES;
				COPY_PHASE_STRIP = NO;
				DEBUG_INFORMATION_FORMAT = dwarf;
				ENABLE_STRICT_OBJC_MSGSEND = YES;
				ENABLE_TESTABILITY = YES;
				GCC_C_LANGUAGE_STANDARD = gnu11;
				GCC_DYNAMIC_NO_PIC = NO;
				GCC_NO_COMMON_BLOCKS = YES;
				GCC_OPTIMIZATION_LEVEL = 0;
				GCC_PREPROCESSOR_DEFINITIONS = (
					"DEBUG=1",
					"$(inherited)",
				);
				GCC_WARN_64_TO_32_BIT_CONVERSION = YES;
				GCC_WARN_ABOUT_RETURN_TYPE = YES_ERROR;
				GCC_WARN_UNDECLARED_SELECTOR = YES;
				GCC_WARN_UNINITIALIZED_AUTOS = YES_AGGRESSIVE;
				GCC_WARN_UNUSED_FUNCTION = YES;
				GCC_WARN_UNUSED_VARIABLE = YES;
				IPHONEOS_DEPLOYMENT_TARGET = 14.5;
				MTL_ENABLE_DEBUG_INFO = INCLUDE_SOURCE;
				MTL_FAST_MATH = YES;
				ONLY_ACTIVE_ARCH = YES;
				SDKROOT = iphoneos;
				SWIFT_ACTIVE_COMPILATION_CONDITIONS = DEBUG;
				SWIFT_OPTIMIZATION_LEVEL = "-Onone";
			};
			name = Debug;
		};
		821C6BC6267F65520037FCF6 /* Release */ = {
			isa = XCBuildConfiguration;
			buildSettings = {
				ALWAYS_SEARCH_USER_PATHS = NO;
				CLANG_ANALYZER_NONNULL = YES;
				CLANG_ANALYZER_NUMBER_OBJECT_CONVERSION = YES_AGGRESSIVE;
				CLANG_CXX_LANGUAGE_STANDARD = "gnu++14";
				CLANG_CXX_LIBRARY = "libc++";
				CLANG_ENABLE_MODULES = YES;
				CLANG_ENABLE_OBJC_ARC = YES;
				CLANG_ENABLE_OBJC_WEAK = YES;
				CLANG_WARN_BLOCK_CAPTURE_AUTORELEASING = YES;
				CLANG_WARN_BOOL_CONVERSION = YES;
				CLANG_WARN_COMMA = YES;
				CLANG_WARN_CONSTANT_CONVERSION = YES;
				CLANG_WARN_DEPRECATED_OBJC_IMPLEMENTATIONS = YES;
				CLANG_WARN_DIRECT_OBJC_ISA_USAGE = YES_ERROR;
				CLANG_WARN_DOCUMENTATION_COMMENTS = YES;
				CLANG_WARN_EMPTY_BODY = YES;
				CLANG_WARN_ENUM_CONVERSION = YES;
				CLANG_WARN_INFINITE_RECURSION = YES;
				CLANG_WARN_INT_CONVERSION = YES;
				CLANG_WARN_NON_LITERAL_NULL_CONVERSION = YES;
				CLANG_WARN_OBJC_IMPLICIT_RETAIN_SELF = YES;
				CLANG_WARN_OBJC_LITERAL_CONVERSION = YES;
				CLANG_WARN_OBJC_ROOT_CLASS = YES_ERROR;
				CLANG_WARN_QUOTED_INCLUDE_IN_FRAMEWORK_HEADER = YES;
				CLANG_WARN_RANGE_LOOP_ANALYSIS = YES;
				CLANG_WARN_STRICT_PROTOTYPES = YES;
				CLANG_WARN_SUSPICIOUS_MOVE = YES;
				CLANG_WARN_UNGUARDED_AVAILABILITY = YES_AGGRESSIVE;
				CLANG_WARN_UNREACHABLE_CODE = YES;
				CLANG_WARN__DUPLICATE_METHOD_MATCH = YES;
				COPY_PHASE_STRIP = NO;
				DEBUG_INFORMATION_FORMAT = "dwarf-with-dsym";
				ENABLE_NS_ASSERTIONS = NO;
				ENABLE_STRICT_OBJC_MSGSEND = YES;
				GCC_C_LANGUAGE_STANDARD = gnu11;
				GCC_NO_COMMON_BLOCKS = YES;
				GCC_WARN_64_TO_32_BIT_CONVERSION = YES;
				GCC_WARN_ABOUT_RETURN_TYPE = YES_ERROR;
				GCC_WARN_UNDECLARED_SELECTOR = YES;
				GCC_WARN_UNINITIALIZED_AUTOS = YES_AGGRESSIVE;
				GCC_WARN_UNUSED_FUNCTION = YES;
				GCC_WARN_UNUSED_VARIABLE = YES;
				IPHONEOS_DEPLOYMENT_TARGET = 14.5;
				MTL_ENABLE_DEBUG_INFO = NO;
				MTL_FAST_MATH = YES;
				SDKROOT = iphoneos;
				SWIFT_COMPILATION_MODE = wholemodule;
				SWIFT_OPTIMIZATION_LEVEL = "-O";
				VALIDATE_PRODUCT = YES;
			};
			name = Release;
		};
		821C6BC8267F65520037FCF6 /* Debug */ = {
			isa = XCBuildConfiguration;
			buildSettings = {
				ASSETCATALOG_COMPILER_APPICON_NAME = AppIcon;
				ASSETCATALOG_COMPILER_GLOBAL_ACCENT_COLOR_NAME = AccentColor;
				CODE_SIGN_STYLE = Automatic;
				DEVELOPMENT_TEAM = U5C93MBV7Q;
				INFOPLIST_FILE = Testovoe_2/SupportingFiles/Info.plist;
				LD_RUNPATH_SEARCH_PATHS = (
					"$(inherited)",
					"@executable_path/Frameworks",
				);
				PRODUCT_BUNDLE_IDENTIFIER = "Ivan.Testovoe-2";
				PRODUCT_NAME = "$(TARGET_NAME)";
				SWIFT_VERSION = 5.0;
				TARGETED_DEVICE_FAMILY = 1;
			};
			name = Debug;
		};
		821C6BC9267F65520037FCF6 /* Release */ = {
			isa = XCBuildConfiguration;
			buildSettings = {
				ASSETCATALOG_COMPILER_APPICON_NAME = AppIcon;
				ASSETCATALOG_COMPILER_GLOBAL_ACCENT_COLOR_NAME = AccentColor;
				CODE_SIGN_STYLE = Automatic;
				DEVELOPMENT_TEAM = U5C93MBV7Q;
				INFOPLIST_FILE = Testovoe_2/SupportingFiles/Info.plist;
				LD_RUNPATH_SEARCH_PATHS = (
					"$(inherited)",
					"@executable_path/Frameworks",
				);
				PRODUCT_BUNDLE_IDENTIFIER = "Ivan.Testovoe-2";
				PRODUCT_NAME = "$(TARGET_NAME)";
				SWIFT_VERSION = 5.0;
				TARGETED_DEVICE_FAMILY = 1;
			};
			name = Release;
		};
/* End XCBuildConfiguration section */

/* Begin XCConfigurationList section */
		821C6BAE267F654F0037FCF6 /* Build configuration list for PBXProject "Testovoe_2" */ = {
			isa = XCConfigurationList;
			buildConfigurations = (
				821C6BC5267F65520037FCF6 /* Debug */,
				821C6BC6267F65520037FCF6 /* Release */,
			);
			defaultConfigurationIsVisible = 0;
			defaultConfigurationName = Release;
		};
		821C6BC7267F65520037FCF6 /* Build configuration list for PBXNativeTarget "Testovoe_2" */ = {
			isa = XCConfigurationList;
			buildConfigurations = (
				821C6BC8267F65520037FCF6 /* Debug */,
				821C6BC9267F65520037FCF6 /* Release */,
			);
			defaultConfigurationIsVisible = 0;
			defaultConfigurationName = Release;
		};
/* End XCConfigurationList section */
	};
	rootObject = 821C6BAB267F654F0037FCF6 /* Project object */;
}
